
Microsoft Visual Studio Solution File, Format Version 12.00
# Visual Studio Version 16
VisualStudioVersion = 16.0.30517.126
MinimumVisualStudioVersion = 10.0.40219.1
Project("{9A19103F-16F7-4668-BE54-9A1E7A4F7556}") = "WebChart", "WebChartApp\WebChart.csproj", "{C3E07EB4-C9FC-4D38-A3F3-163FD585F4E1}"
EndProject
Project("{9A19103F-16F7-4668-BE54-9A1E7A4F7556}") = "DataCollector", "DataCollector\DataCollector.csproj", "{D23C41DC-512C-401B-BC0C-D4B642C4961C}"
EndProject
Project("{9A19103F-16F7-4668-BE54-9A1E7A4F7556}") = "DataTransfer", "DataTransfer\DataTransfer\DataTransfer.csproj", "{C7F14B1B-C4CD-489E-AE26-6BE0876E76BA}"
EndProject
Global
	GlobalSection(SolutionConfigurationPlatforms) = preSolution
		Debug|Any CPU = Debug|Any CPU
		Release|Any CPU = Release|Any CPU
	EndGlobalSection
	GlobalSection(ProjectConfigurationPlatforms) = postSolution
		{C3E07EB4-C9FC-4D38-A3F3-163FD585F4E1}.Debug|Any CPU.ActiveCfg = Debug|Any CPU
		{C3E07EB4-C9FC-4D38-A3F3-163FD585F4E1}.Debug|Any CPU.Build.0 = Debug|Any CPU
		{C3E07EB4-C9FC-4D38-A3F3-163FD585F4E1}.Release|Any CPU.ActiveCfg = Release|Any CPU
		{C3E07EB4-C9FC-4D38-A3F3-163FD585F4E1}.Release|Any CPU.Build.0 = Release|Any CPU
		{D23C41DC-512C-401B-BC0C-D4B642C4961C}.Debug|Any CPU.ActiveCfg = Debug|Any CPU
		{D23C41DC-512C-401B-BC0C-D4B642C4961C}.Debug|Any CPU.Build.0 = Debug|Any CPU
		{D23C41DC-512C-401B-BC0C-D4B642C4961C}.Release|Any CPU.ActiveCfg = Release|Any CPU
		{D23C41DC-512C-401B-BC0C-D4B642C4961C}.Release|Any CPU.Build.0 = Release|Any CPU
		{C7F14B1B-C4CD-489E-AE26-6BE0876E76BA}.Debug|Any CPU.ActiveCfg = Debug|Any CPU
		{C7F14B1B-C4CD-489E-AE26-6BE0876E76BA}.Debug|Any CPU.Build.0 = Debug|Any CPU
		{C7F14B1B-C4CD-489E-AE26-6BE0876E76BA}.Release|Any CPU.ActiveCfg = Release|Any CPU
		{C7F14B1B-C4CD-489E-AE26-6BE0876E76BA}.Release|Any CPU.Build.0 = Release|Any CPU
	EndGlobalSection
	GlobalSection(SolutionProperties) = preSolution
		HideSolutionNode = FALSE
	EndGlobalSection
	GlobalSection(ExtensibilityGlobals) = postSolution
		SolutionGuid = {23427037-D5FA-44D2-AEED-364CC4EF4688}
	EndGlobalSection
EndGlobal
