
Microsoft Visual Studio Solution File, Format Version 12.00
# Visual Studio Version 16
VisualStudioVersion = 16.0.30517.126
MinimumVisualStudioVersion = 10.0.40219.1
Project("{FAE04EC0-301F-11D3-BF4B-00C04F79EFBC}") = "DataTransfer", "DataTransfer\DataTransfer.csproj", "{9FBEDA82-A7AC-4D1E-941F-B25410606814}"
EndProject
Global
	GlobalSection(SolutionConfigurationPlatforms) = preSolution
		Debug|Any CPU = Debug|Any CPU
		Release|Any CPU = Release|Any CPU
	EndGlobalSection
	GlobalSection(ProjectConfigurationPlatforms) = postSolution
		{9FBEDA82-A7AC-4D1E-941F-B25410606814}.Debug|Any CPU.ActiveCfg = Debug|Any CPU
		{9FBEDA82-A7AC-4D1E-941F-B25410606814}.Debug|Any CPU.Build.0 = Debug|Any CPU
		{9FBEDA82-A7AC-4D1E-941F-B25410606814}.Release|Any CPU.ActiveCfg = Release|Any CPU
		{9FBEDA82-A7AC-4D1E-941F-B25410606814}.Release|Any CPU.Build.0 = Release|Any CPU
	EndGlobalSection
	GlobalSection(SolutionProperties) = preSolution
		HideSolutionNode = FALSE
	EndGlobalSection
	GlobalSection(ExtensibilityGlobals) = postSolution
		SolutionGuid = {48A760B8-7552-4919-B2D5-E657D9D63652}
	EndGlobalSection
EndGlobal
